
Microsoft Visual Studio Solution File, Format Version 12.00
# Visual Studio Version 17
VisualStudioVersion = 17.7.33808.371
MinimumVisualStudioVersion = 10.0.40219.1
Project("{FAE04EC0-301F-11D3-BF4B-00C04F79EFBC}") = "StudentManagementSystem", "StudentManagementSystem\StudentManagementSystem.csproj", "{CD06490D-E99A-4FB1-8EB9-187C0182A9B0}"
EndProject
Global
	GlobalSection(SolutionConfigurationPlatforms) = preSolution
		Debug|Any CPU = Debug|Any CPU
		Release|Any CPU = Release|Any CPU
	EndGlobalSection
	GlobalSection(ProjectConfigurationPlatforms) = postSolution
		{CD06490D-E99A-4FB1-8EB9-187C0182A9B0}.Debug|Any CPU.ActiveCfg = Debug|Any CPU
		{CD06490D-E99A-4FB1-8EB9-187C0182A9B0}.Debug|Any CPU.Build.0 = Debug|Any CPU
		{CD06490D-E99A-4FB1-8EB9-187C0182A9B0}.Release|Any CPU.ActiveCfg = Release|Any CPU
		{CD06490D-E99A-4FB1-8EB9-187C0182A9B0}.Release|Any CPU.Build.0 = Release|Any CPU
	EndGlobalSection
	GlobalSection(SolutionProperties) = preSolution
		HideSolutionNode = FALSE
	EndGlobalSection
	GlobalSection(ExtensibilityGlobals) = postSolution
		SolutionGuid = {43FFFB69-164E-4123-B211-24D305434715}
	EndGlobalSection
EndGlobal
